
Microsoft Visual Studio Solution File, Format Version 12.00
# Visual Studio 15
Project("{FAE04EC0-301F-11D3-BF4B-00C04F79EFBC}") = "Unity.Timeline", "Unity.Timeline.csproj", "{47CEBE3E-EEB0-4AB5-FF98-9009E9E9DC62}"
EndProject
Project("{FAE04EC0-301F-11D3-BF4B-00C04F79EFBC}") = "Unity.VisualEffectGraph.Editor", "Unity.VisualEffectGraph.Editor.csproj", "{00511562-5ED6-8C26-BC83-80E01E6C546E}"
EndProject
Project("{FAE04EC0-301F-11D3-BF4B-00C04F79EFBC}") = "Unity.ShaderGraph.Editor", "Unity.ShaderGraph.Editor.csproj", "{E95E5411-3183-2D41-62B2-D67B2226A115}"
EndProject
Project("{FAE04EC0-301F-11D3-BF4B-00C04F79EFBC}") = "UnityEngine.Advertisements.Editor", "UnityEngine.Advertisements.Editor.csproj", "{A6CBB95A-B240-B961-46EF-457B7B36FB66}"
EndProject
Project("{FAE04EC0-301F-11D3-BF4B-00C04F79EFBC}") = "Unity.RenderPipelines.HighDefinition.Runtime", "Unity.RenderPipelines.HighDefinition.Runtime.csproj", "{F1B41353-046B-A97E-4F20-9F0865BCBAA9}"
EndProject
Project("{FAE04EC0-301F-11D3-BF4B-00C04F79EFBC}") = "Unity.XR.Management", "Unity.XR.Management.csproj", "{CA58CC40-B894-0BE1-0C4A-C31C8BF1B41A}"
EndProject
Project("{FAE04EC0-301F-11D3-BF4B-00C04F79EFBC}") = "Unity.InputSystem", "Unity.InputSystem.csproj", "{5A8951B3-AAB9-E681-68C5-ABB509BA74CE}"
EndProject
Project("{FAE04EC0-301F-11D3-BF4B-00C04F79EFBC}") = "Unity.Services.Core.Internal", "Unity.Services.Core.Internal.csproj", "{E6E55031-E90F-6A7B-0049-D2CA86FF18FE}"
EndProject
Project("{FAE04EC0-301F-11D3-BF4B-00C04F79EFBC}") = "Unity.VisualScripting.Flow", "Unity.VisualScripting.Flow.csproj", "{E8FAA615-130F-F356-E59E-11A8E8472962}"
EndProject
Project("{FAE04EC0-301F-11D3-BF4B-00C04F79EFBC}") = "Unity.XR.Interaction.Toolkit", "Unity.XR.Interaction.Toolkit.csproj", "{6E9C005F-A014-D1C9-8BEA-BEED018D476E}"
EndProject
Project("{FAE04EC0-301F-11D3-BF4B-00C04F79EFBC}") = "Unity.RenderPipelines.Universal.Runtime", "Unity.RenderPipelines.Universal.Runtime.csproj", "{CAC78BED-9EF1-3E1E-B184-6CFD40ADC84A}"
EndProject
Project("{FAE04EC0-301F-11D3-BF4B-00C04F79EFBC}") = "Unity.ProBuilder", "Unity.ProBuilder.csproj", "{7C8A0520-B967-E802-754C-EBE947252C58}"
EndProject
Project("{FAE04EC0-301F-11D3-BF4B-00C04F79EFBC}") = "Unity.XR.Interaction.Toolkit.Editor", "Unity.XR.Interaction.Toolkit.Editor.csproj", "{00DA70C8-0E0D-AF0F-28A7-1A156791AF83}"
EndProject
Project("{FAE04EC0-301F-11D3-BF4B-00C04F79EFBC}") = "UnityEditor.UI", "UnityEditor.UI.csproj", "{340CE3CF-8600-B886-66C0-D3139119B9E3}"
EndProject
Project("{FAE04EC0-301F-11D3-BF4B-00C04F79EFBC}") = "Unity.Timeline.Editor", "Unity.Timeline.Editor.csproj", "{DB43A9F7-01BC-7A0F-7DA1-237DB2CEF2FF}"
EndProject
Project("{FAE04EC0-301F-11D3-BF4B-00C04F79EFBC}") = "Unity.PlasticSCM.Editor", "Unity.PlasticSCM.Editor.csproj", "{F5B2946E-85A3-26DB-6B2C-DDBEF8A4FAA7}"
EndProject
Project("{FAE04EC0-301F-11D3-BF4B-00C04F79EFBC}") = "Unity.RenderPipelines.Core.Runtime", "Unity.RenderPipelines.Core.Runtime.csproj", "{03AEE875-E85F-61A0-31AC-C16B35499206}"
EndProject
Project("{FAE04EC0-301F-11D3-BF4B-00C04F79EFBC}") = "Unity.XR.CoreUtils.Editor", "Unity.XR.CoreUtils.Editor.csproj", "{A6C992C1-B6CA-20C9-7BF4-E12239D493D2}"
EndProject
Project("{FAE04EC0-301F-11D3-BF4B-00C04F79EFBC}") = "Unity.Mathematics", "Unity.Mathematics.csproj", "{E0A8FFFD-5A7F-BE9B-C283-02EBDB730786}"
EndProject
Project("{FAE04EC0-301F-11D3-BF4B-00C04F79EFBC}") = "Unity.RenderPipelines.Core.Editor", "Unity.RenderPipelines.Core.Editor.csproj", "{F0F958EC-AE92-B3CC-BDF2-BF2548804A2C}"
EndProject
Project("{FAE04EC0-301F-11D3-BF4B-00C04F79EFBC}") = "UnityEditor.Purchasing", "UnityEditor.Purchasing.csproj", "{494DCA01-055C-71EB-24C2-30821A3778D8}"
EndProject
Project("{FAE04EC0-301F-11D3-BF4B-00C04F79EFBC}") = "Unity.ProBuilder.Editor", "Unity.ProBuilder.Editor.csproj", "{801CA322-C2D6-A187-CB43-7D89B45CDAED}"
EndProject
Project("{FAE04EC0-301F-11D3-BF4B-00C04F79EFBC}") = "Assembly-CSharp-Editor", "Assembly-CSharp-Editor.csproj", "{6D8D9CE9-2DBB-CF70-872C-97AA5BCF9329}"
EndProject
Project("{FAE04EC0-301F-11D3-BF4B-00C04F79EFBC}") = "Unity.VisualScripting.Core.Editor", "Unity.VisualScripting.Core.Editor.csproj", "{E7A8ADC0-BA76-4FB4-990E-BF070A4B6316}"
EndProject
Project("{FAE04EC0-301F-11D3-BF4B-00C04F79EFBC}") = "UnityEngine.Purchasing.Stores", "UnityEngine.Purchasing.Stores.csproj", "{03FB0822-2854-34E3-5DEB-A00EA796CA75}"
EndProject
Project("{FAE04EC0-301F-11D3-BF4B-00C04F79EFBC}") = "UnityEngine.Advertisements", "UnityEngine.Advertisements.csproj", "{A92D7D5F-BBE8-5539-BC59-4696AA66F41C}"
EndProject
Project("{FAE04EC0-301F-11D3-BF4B-00C04F79EFBC}") = "Unity.RenderPipelines.HighDefinition.Editor", "Unity.RenderPipelines.HighDefinition.Editor.csproj", "{287EE2C1-8AB3-5CE2-473F-90F0A8E6A70B}"
EndProject
Project("{FAE04EC0-301F-11D3-BF4B-00C04F79EFBC}") = "UnityEditor.TestRunner", "UnityEditor.TestRunner.csproj", "{D26E71AC-8087-7FDE-CCFC-F1EC8C60F586}"
EndProject
Project("{FAE04EC0-301F-11D3-BF4B-00C04F79EFBC}") = "Unity.ProBuilder.Poly2Tri", "Unity.ProBuilder.Poly2Tri.csproj", "{E3706E30-3A4C-6881-9E66-4048D978A3C1}"
EndProject
Project("{FAE04EC0-301F-11D3-BF4B-00C04F79EFBC}") = "Unity.XR.CoreUtils", "Unity.XR.CoreUtils.csproj", "{3CF72C97-2C0B-A2D9-899E-FBA3F6C6E7B4}"
EndProject
Project("{FAE04EC0-301F-11D3-BF4B-00C04F79EFBC}") = "Unity.RenderPipelines.Universal.Editor", "Unity.RenderPipelines.Universal.Editor.csproj", "{DD3C000C-C220-E078-DB49-741D13745422}"
EndProject
Project("{FAE04EC0-301F-11D3-BF4B-00C04F79EFBC}") = "Unity.TextMeshPro.Editor", "Unity.TextMeshPro.Editor.csproj", "{09254342-6B74-3E68-F474-1850772C0D57}"
EndProject
Project("{FAE04EC0-301F-11D3-BF4B-00C04F79EFBC}") = "Unity.VisualScripting.Flow.Editor", "Unity.VisualScripting.Flow.Editor.csproj", "{D850B498-1E7A-ABA6-2DE5-DECE39C62427}"
EndProject
Project("{FAE04EC0-301F-11D3-BF4B-00C04F79EFBC}") = "UnityEngine.TestRunner", "UnityEngine.TestRunner.csproj", "{BCA0477F-1F0E-901A-087C-EFB0FA271A06}"
EndProject
Project("{FAE04EC0-301F-11D3-BF4B-00C04F79EFBC}") = "Unity.VisualScripting.Core", "Unity.VisualScripting.Core.csproj", "{1ACD273F-E23A-8BDF-5909-B621A67A4625}"
EndProject
Project("{FAE04EC0-301F-11D3-BF4B-00C04F79EFBC}") = "Unity.2D.Tilemap.Editor", "Unity.2D.Tilemap.Editor.csproj", "{8797AD66-34B8-84FB-4D46-8D4F8734C4A9}"
EndProject
Project("{FAE04EC0-301F-11D3-BF4B-00C04F79EFBC}") = "Unity.Searcher.Editor", "Unity.Searcher.Editor.csproj", "{1CD95A30-3ADD-EACA-219D-F9E633C862C1}"
EndProject
Project("{FAE04EC0-301F-11D3-BF4B-00C04F79EFBC}") = "Unity.Burst", "Unity.Burst.csproj", "{F4F42134-9A24-0D77-53BF-86A637C9396C}"
EndProject
Project("{FAE04EC0-301F-11D3-BF4B-00C04F79EFBC}") = "Unity.XR.Oculus", "Unity.XR.Oculus.csproj", "{582FEA41-C70C-A5CD-4273-1FAF323CB7DE}"
EndProject
Project("{FAE04EC0-301F-11D3-BF4B-00C04F79EFBC}") = "Unity.Services.Core.Environments.Editor", "Unity.Services.Core.Environments.Editor.csproj", "{65A2B100-5745-D6A1-51D3-405F040B69F3}"
EndProject
Project("{FAE04EC0-301F-11D3-BF4B-00C04F79EFBC}") = "UnityEngine.Purchasing", "UnityEngine.Purchasing.csproj", "{B31A3278-79DD-3E79-7B79-30290D84B2CB}"
EndProject
Project("{FAE04EC0-301F-11D3-BF4B-00C04F79EFBC}") = "Unity.ProBuilder.Csg", "Unity.ProBuilder.Csg.csproj", "{2DC454A2-02CF-56C1-A451-D883568A4840}"
EndProject
Project("{FAE04EC0-301F-11D3-BF4B-00C04F79EFBC}") = "Unity.VisualStudio.Editor", "Unity.VisualStudio.Editor.csproj", "{A8ECDEBD-F749-9F41-FD07-AE763BEE5992}"
EndProject
Project("{FAE04EC0-301F-11D3-BF4B-00C04F79EFBC}") = "Unity.XR.Oculus.Editor", "Unity.XR.Oculus.Editor.csproj", "{794AA055-BE33-412B-0A1E-CE658B278084}"
EndProject
Project("{FAE04EC0-301F-11D3-BF4B-00C04F79EFBC}") = "PPv2URPConverters", "PPv2URPConverters.csproj", "{82E9AD66-4E31-134B-555E-5A7F171210DC}"
EndProject
Project("{FAE04EC0-301F-11D3-BF4B-00C04F79EFBC}") = "Unity.Rider.Editor", "Unity.Rider.Editor.csproj", "{FA07BD45-4DEF-7826-74D1-1F8C25CD152E}"
EndProject
Project("{FAE04EC0-301F-11D3-BF4B-00C04F79EFBC}") = "Unity.Services.Core.Telemetry", "Unity.Services.Core.Telemetry.csproj", "{AAC1D725-2B29-8ACB-A025-46955759D5CD}"
EndProject
Project("{FAE04EC0-301F-11D3-BF4B-00C04F79EFBC}") = "Unity.Services.Core.Configuration", "Unity.Services.Core.Configuration.csproj", "{F7EF7211-A93E-16A2-F003-75B02C47D117}"
EndProject
Project("{FAE04EC0-301F-11D3-BF4B-00C04F79EFBC}") = "Unity.VisualEffectGraph.Runtime", "Unity.VisualEffectGraph.Runtime.csproj", "{1620B03C-8F70-06E0-0C34-AB28DCEEA0C0}"
EndProject
Project("{FAE04EC0-301F-11D3-BF4B-00C04F79EFBC}") = "Unity.VisualScripting.State.Editor", "Unity.VisualScripting.State.Editor.csproj", "{2ADA3286-DBAA-E784-8B10-C3D648032DC5}"
EndProject
Project("{FAE04EC0-301F-11D3-BF4B-00C04F79EFBC}") = "UnityEngine.UI", "UnityEngine.UI.csproj", "{5C8A9F90-7076-9280-12DC-E8E18191F979}"
EndProject
Project("{FAE04EC0-301F-11D3-BF4B-00C04F79EFBC}") = "Unity.Services.Core.Editor", "Unity.Services.Core.Editor.csproj", "{40D94530-4A5F-E731-77F0-B01BF67675EC}"
EndProject
Project("{FAE04EC0-301F-11D3-BF4B-00C04F79EFBC}") = "Assembly-CSharp", "Assembly-CSharp.csproj", "{959089BC-1AE2-C7B0-CD28-B44B9758E8EB}"
EndProject
Project("{FAE04EC0-301F-11D3-BF4B-00C04F79EFBC}") = "Unity.Burst.CodeGen", "Unity.Burst.CodeGen.csproj", "{2BAF2132-16A9-CB12-B2A9-0C9E0C54253A}"
EndProject
Project("{FAE04EC0-301F-11D3-BF4B-00C04F79EFBC}") = "Unity.Services.Core.Configuration.Editor", "Unity.Services.Core.Configuration.Editor.csproj", "{132D5C1F-08FE-AE2C-BAD1-110982F9072E}"
EndProject
Project("{FAE04EC0-301F-11D3-BF4B-00C04F79EFBC}") = "Unity.Postprocessing.Runtime", "Unity.Postprocessing.Runtime.csproj", "{FBA2F146-2FC3-DE56-5B26-3499D3747BAF}"
EndProject
Project("{FAE04EC0-301F-11D3-BF4B-00C04F79EFBC}") = "Unity.RenderPipeline.Universal.ShaderLibrary", "Unity.RenderPipeline.Universal.ShaderLibrary.csproj", "{736D70A7-6C9C-EC87-A08F-0895F6EC88BE}"
EndProject
Project("{FAE04EC0-301F-11D3-BF4B-00C04F79EFBC}") = "Unity.Services.Core", "Unity.Services.Core.csproj", "{1B8B150A-F330-3702-0897-16CBE77432CA}"
EndProject
Project("{FAE04EC0-301F-11D3-BF4B-00C04F79EFBC}") = "Unity.Postprocessing.Editor", "Unity.Postprocessing.Editor.csproj", "{9CC56814-CFEA-6396-05C7-23814A9B15DF}"
EndProject
Project("{FAE04EC0-301F-11D3-BF4B-00C04F79EFBC}") = "Unity.VisualScripting.State", "Unity.VisualScripting.State.csproj", "{48F92E2B-B2D3-969F-5F2E-EDEA19455A67}"
EndProject
Project("{FAE04EC0-301F-11D3-BF4B-00C04F79EFBC}") = "Unity.TextMeshPro", "Unity.TextMeshPro.csproj", "{9E821162-FF69-D12C-C7F6-D9B1A982B50E}"
EndProject
Project("{FAE04EC0-301F-11D3-BF4B-00C04F79EFBC}") = "Unity.XR.Management.Editor", "Unity.XR.Management.Editor.csproj", "{17D1A2B3-C167-3B0A-CAA8-32D07E785521}"
EndProject
Project("{FAE04EC0-301F-11D3-BF4B-00C04F79EFBC}") = "Unity.VisualScripting.SettingsProvider.Editor", "Unity.VisualScripting.SettingsProvider.Editor.csproj", "{1C41876B-7CB4-5410-A5B6-F36E0D75488A}"
EndProject
Project("{FAE04EC0-301F-11D3-BF4B-00C04F79EFBC}") = "Unity.Services.Analytics.Editor", "Unity.Services.Analytics.Editor.csproj", "{D5EB64F9-83CB-979A-4712-2D3F115696F2}"
EndProject
Project("{FAE04EC0-301F-11D3-BF4B-00C04F79EFBC}") = "Unity.VSCode.Editor", "Unity.VSCode.Editor.csproj", "{62CFE2E4-6A3A-CA75-D019-E3592F540B5D}"
EndProject
Project("{FAE04EC0-301F-11D3-BF4B-00C04F79EFBC}") = "Unity.Burst.Editor", "Unity.Burst.Editor.csproj", "{5CFFD076-3314-3289-3A0A-9F0A2AC26DC6}"
EndProject
Project("{FAE04EC0-301F-11D3-BF4B-00C04F79EFBC}") = "UnityEngine.Purchasing.AppleMacosStub", "UnityEngine.Purchasing.AppleMacosStub.csproj", "{30655D0E-BEE5-DF30-47AB-C013468B76C9}"
EndProject
Project("{FAE04EC0-301F-11D3-BF4B-00C04F79EFBC}") = "UnityEngine.Purchasing.Codeless", "UnityEngine.Purchasing.Codeless.csproj", "{02B3A498-7155-1C62-8041-D270606944B3}"
EndProject
Project("{FAE04EC0-301F-11D3-BF4B-00C04F79EFBC}") = "Assembly-CSharp-Editor-firstpass", "Assembly-CSharp-Editor-firstpass.csproj", "{22B34ABA-B2CE-BA2A-75A8-E8136A4C21C0}"
EndProject
Project("{FAE04EC0-301F-11D3-BF4B-00C04F79EFBC}") = "Unity.Services.Analytics", "Unity.Services.Analytics.csproj", "{183641C5-EAC2-EF40-35C0-3494D46BB3FC}"
EndProject
Project("{FAE04EC0-301F-11D3-BF4B-00C04F79EFBC}") = "Unity.Analytics.DataPrivacy", "Unity.Analytics.DataPrivacy.csproj", "{4DA0844E-45A3-10D6-808A-A4244D0E9424}"
EndProject
Project("{FAE04EC0-301F-11D3-BF4B-00C04F79EFBC}") = "Unity.ProBuilder.Stl", "Unity.ProBuilder.Stl.csproj", "{102D2B2E-D4D9-3F36-8E79-EAFC46A4458D}"
EndProject
Project("{FAE04EC0-301F-11D3-BF4B-00C04F79EFBC}") = "Unity.Settings.Editor", "Unity.Settings.Editor.csproj", "{F6E552B2-820B-0754-F54B-185FD96E0177}"
EndProject
Project("{FAE04EC0-301F-11D3-BF4B-00C04F79EFBC}") = "UnityEngine.Advertisements.DevX.Editor", "UnityEngine.Advertisements.DevX.Editor.csproj", "{4F1E28C4-07E8-AAAB-E74A-258322620D8D}"
EndProject
Project("{FAE04EC0-301F-11D3-BF4B-00C04F79EFBC}") = "Unity.2D.Sprite.Editor", "Unity.2D.Sprite.Editor.csproj", "{A418FC8D-85D6-B387-B72E-D4C0096A4FEB}"
EndProject
Project("{FAE04EC0-301F-11D3-BF4B-00C04F79EFBC}") = "UnityEngine.Purchasing.WinRTStub", "UnityEngine.Purchasing.WinRTStub.csproj", "{3C5D5157-1C8E-45E4-ABB7-A2CBCD6D3976}"
EndProject
Project("{FAE04EC0-301F-11D3-BF4B-00C04F79EFBC}") = "Unity.Services.Core.Analytics", "Unity.Services.Core.Analytics.csproj", "{A798C00E-9697-4466-AF0A-62240C81C66C}"
EndProject
Project("{FAE04EC0-301F-11D3-BF4B-00C04F79EFBC}") = "UnityEngine.SpatialTracking", "UnityEngine.SpatialTracking.csproj", "{6B5705C5-EE42-FBEE-7BA3-F2A8F7294F56}"
EndProject
Project("{FAE04EC0-301F-11D3-BF4B-00C04F79EFBC}") = "Unity.ProBuilder.KdTree", "Unity.ProBuilder.KdTree.csproj", "{1382877A-81DC-5A24-ECB4-A1C57C5987D7}"
EndProject
Project("{FAE04EC0-301F-11D3-BF4B-00C04F79EFBC}") = "Unity.ProBuilder.AddOns.Editor", "Unity.ProBuilder.AddOns.Editor.csproj", "{3AF270B7-A560-DCB8-5797-06D4A22EB0F3}"
EndProject
Project("{FAE04EC0-301F-11D3-BF4B-00C04F79EFBC}") = "Unity.XR.Interaction.Toolkit.Samples.StarterAssets", "Unity.XR.Interaction.Toolkit.Samples.StarterAssets.csproj", "{42104825-AFED-EFF2-8E02-55D2E331A236}"
EndProject
Project("{FAE04EC0-301F-11D3-BF4B-00C04F79EFBC}") = "Unity.Services.Core.Environments.Internal", "Unity.Services.Core.Environments.Internal.csproj", "{33232377-C788-8021-F8EE-5308907772FA}"
EndProject
Project("{FAE04EC0-301F-11D3-BF4B-00C04F79EFBC}") = "Unity.InputSystem.ForUI", "Unity.InputSystem.ForUI.csproj", "{DD6AC1D0-7224-6A83-7965-357766485ACA}"
EndProject
Project("{FAE04EC0-301F-11D3-BF4B-00C04F79EFBC}") = "Unity.Services.Core.Networking", "Unity.Services.Core.Networking.csproj", "{02DE3575-282B-9245-88D3-E34616205CD6}"
EndProject
Project("{FAE04EC0-301F-11D3-BF4B-00C04F79EFBC}") = "Unity.Services.Core.Scheduler", "Unity.Services.Core.Scheduler.csproj", "{449942B3-02A9-706D-C443-889D7870E5C8}"
EndProject
Project("{FAE04EC0-301F-11D3-BF4B-00C04F79EFBC}") = "UnityEngine.Purchasing.SecurityCore", "UnityEngine.Purchasing.SecurityCore.csproj", "{10C21C1B-2835-7A1D-3CC8-30279E1FBAAB}"
EndProject
Project("{FAE04EC0-301F-11D3-BF4B-00C04F79EFBC}") = "Unity.Mathematics.Editor", "Unity.Mathematics.Editor.csproj", "{C9AFFA38-BDB1-9578-A510-028F39E7A81F}"
EndProject
Project("{FAE04EC0-301F-11D3-BF4B-00C04F79EFBC}") = "UnityEngine.Purchasing.WinRTCore", "UnityEngine.Purchasing.WinRTCore.csproj", "{9FF87B05-81DC-4B62-FC82-5A09DC6554C8}"
EndProject
Project("{FAE04EC0-301F-11D3-BF4B-00C04F79EFBC}") = "UnityEditor.SpatialTracking", "UnityEditor.SpatialTracking.csproj", "{8F3F97A5-CA61-BBCB-A577-11B40BBFECF8}"
EndProject
Project("{FAE04EC0-301F-11D3-BF4B-00C04F79EFBC}") = "Purchasing.Common", "Purchasing.Common.csproj", "{06C1DC1E-2114-E92E-025B-ADAB7C994DBA}"
EndProject
Project("{FAE04EC0-301F-11D3-BF4B-00C04F79EFBC}") = "Unity.Services.Core.Threading", "Unity.Services.Core.Threading.csproj", "{304DB5C3-EF48-7C18-48A4-18267018E050}"
EndProject
Project("{FAE04EC0-301F-11D3-BF4B-00C04F79EFBC}") = "Unity.ProBuilder.AssetIdRemapUtility", "Unity.ProBuilder.AssetIdRemapUtility.csproj", "{0878CBFE-9CFF-C964-99F4-0EFB95C979AA}"
EndProject
Project("{FAE04EC0-301F-11D3-BF4B-00C04F79EFBC}") = "Unity.InputSystem.TestFramework", "Unity.InputSystem.TestFramework.csproj", "{A2FE618D-8DF0-B87E-99DB-F8AF1F8C0C33}"
EndProject
Project("{FAE04EC0-301F-11D3-BF4B-00C04F79EFBC}") = "Unity.Services.Core.Device", "Unity.Services.Core.Device.csproj", "{C29D4A3C-85AB-26AC-188B-DA574AF37EC3}"
EndProject
Project("{FAE04EC0-301F-11D3-BF4B-00C04F79EFBC}") = "UnityEditor.XR.LegacyInputHelpers", "UnityEditor.XR.LegacyInputHelpers.csproj", "{53F9ACD9-39BF-D69C-0B1D-EA449B249483}"
EndProject
Project("{FAE04EC0-301F-11D3-BF4B-00C04F79EFBC}") = "Unity.ShaderGraph.Utilities", "Unity.ShaderGraph.Utilities.csproj", "{F7E998ED-2F7F-82E2-CC43-2295B33570F1}"
EndProject
Project("{FAE04EC0-301F-11D3-BF4B-00C04F79EFBC}") = "UnityEngine.Purchasing.AppleCore", "UnityEngine.Purchasing.AppleCore.csproj", "{398BD394-2E40-79B1-EF30-645FFD8C9711}"
EndProject
Project("{FAE04EC0-301F-11D3-BF4B-00C04F79EFBC}") = "Unity.VisualScripting.Shared.Editor", "Unity.VisualScripting.Shared.Editor.csproj", "{75D02CD7-08FD-A59D-EAD0-9E58FB47038A}"
EndProject
Project("{FAE04EC0-301F-11D3-BF4B-00C04F79EFBC}") = "UnityEngine.XR.LegacyInputHelpers", "UnityEngine.XR.LegacyInputHelpers.csproj", "{1BBB3496-67CD-0B71-21D5-2564D9F96EBA}"
EndProject
Project("{FAE04EC0-301F-11D3-BF4B-00C04F79EFBC}") = "UnityEngine.Purchasing.AppleStub", "UnityEngine.Purchasing.AppleStub.csproj", "{BA1DE62F-9B0D-9831-0EC6-FF7BFA12BCEB}"
EndProject
Project("{FAE04EC0-301F-11D3-BF4B-00C04F79EFBC}") = "UnityEngine.Purchasing.SecurityStub", "UnityEngine.Purchasing.SecurityStub.csproj", "{D46A7971-DAB1-AC49-E12D-9FBB5F68683E}"
EndProject
Project("{FAE04EC0-301F-11D3-BF4B-00C04F79EFBC}") = "Analytics", "Analytics.csproj", "{CB9DD26D-C208-9051-5638-A4E2FE294B7C}"
EndProject
Project("{FAE04EC0-301F-11D3-BF4B-00C04F79EFBC}") = "Unity.Services.Core.Registration", "Unity.Services.Core.Registration.csproj", "{77FE92B7-95F5-1295-2037-A5455A41C87E}"
EndProject
Project("{FAE04EC0-301F-11D3-BF4B-00C04F79EFBC}") = "Unity.RenderPipelines.HighDefinition.Config.Runtime", "Unity.RenderPipelines.HighDefinition.Config.Runtime.csproj", "{C110914B-E898-4845-8184-50DA8CFEC291}"
EndProject
Project("{FAE04EC0-301F-11D3-BF4B-00C04F79EFBC}") = "Unity.Services.Core.Environments", "Unity.Services.Core.Environments.csproj", "{F1D39AE0-C565-B8C6-FAEA-B34F89C58B88}"
EndProject
Project("{FAE04EC0-301F-11D3-BF4B-00C04F79EFBC}") = "Unity.RenderPipelines.Universal.Config.Runtime", "Unity.RenderPipelines.Universal.Config.Runtime.csproj", "{64A3B1B8-1996-E915-95DC-795C69DCF5DB}"
EndProject
Project("{FAE04EC0-301F-11D3-BF4B-00C04F79EFBC}") = "Unity.CollabProxy.Editor", "Unity.CollabProxy.Editor.csproj", "{33F7453B-00F4-6E52-DE6D-FF14BFFE07FD}"
EndProject
Project("{FAE04EC0-301F-11D3-BF4B-00C04F79EFBC}") = "Unity.RenderPipelines.ShaderGraph.ShaderGraphLibrary", "Unity.RenderPipelines.ShaderGraph.ShaderGraphLibrary.csproj", "{337E2DCA-0DC1-1D36-07E4-91F2B4511A98}"
EndProject
Project("{FAE04EC0-301F-11D3-BF4B-00C04F79EFBC}") = "Unity.XR.Interaction.Toolkit.Samples.StarterAssets.Editor", "Unity.XR.Interaction.Toolkit.Samples.StarterAssets.Editor.csproj", "{FBF4BC7E-27AF-7C49-89C6-BB5A23B2CA65}"
EndProject
Project("{FAE04EC0-301F-11D3-BF4B-00C04F79EFBC}") = "Unity.RenderPipelines.Core.ShaderLibrary", "Unity.RenderPipelines.Core.ShaderLibrary.csproj", "{3F5B599B-1C8F-8B4D-439F-52EA0B47C07E}"
EndProject
Project("{FAE04EC0-301F-11D3-BF4B-00C04F79EFBC}") = "Unity.RenderPipelines.Universal.Shaders", "Unity.RenderPipelines.Universal.Shaders.csproj", "{E2AF914F-6EC8-2968-FC29-7BC928065930}"
EndProject
Global
	GlobalSection(SolutionConfigurationPlatforms) = preSolution
		Debug|Any CPU = Debug|Any CPU
		Release|Any CPU = Release|Any CPU
	EndGlobalSection
	GlobalSection(ProjectConfigurationPlatforms) = postSolution
		{47CEBE3E-EEB0-4AB5-FF98-9009E9E9DC62}.Debug|Any CPU.ActiveCfg = Debug|Any CPU
		{47CEBE3E-EEB0-4AB5-FF98-9009E9E9DC62}.Debug|Any CPU.Build.0 = Debug|Any CPU
		{47CEBE3E-EEB0-4AB5-FF98-9009E9E9DC62}.Release|Any CPU.ActiveCfg = Release|Any CPU
		{47CEBE3E-EEB0-4AB5-FF98-9009E9E9DC62}.Release|Any CPU.Build.0 = Release|Any CPU
		{00511562-5ED6-8C26-BC83-80E01E6C546E}.Debug|Any CPU.ActiveCfg = Debug|Any CPU
		{00511562-5ED6-8C26-BC83-80E01E6C546E}.Debug|Any CPU.Build.0 = Debug|Any CPU
		{00511562-5ED6-8C26-BC83-80E01E6C546E}.Release|Any CPU.ActiveCfg = Release|Any CPU
		{00511562-5ED6-8C26-BC83-80E01E6C546E}.Release|Any CPU.Build.0 = Release|Any CPU
		{E95E5411-3183-2D41-62B2-D67B2226A115}.Debug|Any CPU.ActiveCfg = Debug|Any CPU
		{E95E5411-3183-2D41-62B2-D67B2226A115}.Debug|Any CPU.Build.0 = Debug|Any CPU
		{E95E5411-3183-2D41-62B2-D67B2226A115}.Release|Any CPU.ActiveCfg = Release|Any CPU
		{E95E5411-3183-2D41-62B2-D67B2226A115}.Release|Any CPU.Build.0 = Release|Any CPU
		{A6CBB95A-B240-B961-46EF-457B7B36FB66}.Debug|Any CPU.ActiveCfg = Debug|Any CPU
		{A6CBB95A-B240-B961-46EF-457B7B36FB66}.Debug|Any CPU.Build.0 = Debug|Any CPU
		{A6CBB95A-B240-B961-46EF-457B7B36FB66}.Release|Any CPU.ActiveCfg = Release|Any CPU
		{A6CBB95A-B240-B961-46EF-457B7B36FB66}.Release|Any CPU.Build.0 = Release|Any CPU
		{F1B41353-046B-A97E-4F20-9F0865BCBAA9}.Debug|Any CPU.ActiveCfg = Debug|Any CPU
		{F1B41353-046B-A97E-4F20-9F0865BCBAA9}.Debug|Any CPU.Build.0 = Debug|Any CPU
		{F1B41353-046B-A97E-4F20-9F0865BCBAA9}.Release|Any CPU.ActiveCfg = Release|Any CPU
		{F1B41353-046B-A97E-4F20-9F0865BCBAA9}.Release|Any CPU.Build.0 = Release|Any CPU
		{CA58CC40-B894-0BE1-0C4A-C31C8BF1B41A}.Debug|Any CPU.ActiveCfg = Debug|Any CPU
		{CA58CC40-B894-0BE1-0C4A-C31C8BF1B41A}.Debug|Any CPU.Build.0 = Debug|Any CPU
		{CA58CC40-B894-0BE1-0C4A-C31C8BF1B41A}.Release|Any CPU.ActiveCfg = Release|Any CPU
		{CA58CC40-B894-0BE1-0C4A-C31C8BF1B41A}.Release|Any CPU.Build.0 = Release|Any CPU
		{5A8951B3-AAB9-E681-68C5-ABB509BA74CE}.Debug|Any CPU.ActiveCfg = Debug|Any CPU
		{5A8951B3-AAB9-E681-68C5-ABB509BA74CE}.Debug|Any CPU.Build.0 = Debug|Any CPU
		{5A8951B3-AAB9-E681-68C5-ABB509BA74CE}.Release|Any CPU.ActiveCfg = Release|Any CPU
		{5A8951B3-AAB9-E681-68C5-ABB509BA74CE}.Release|Any CPU.Build.0 = Release|Any CPU
		{E6E55031-E90F-6A7B-0049-D2CA86FF18FE}.Debug|Any CPU.ActiveCfg = Debug|Any CPU
		{E6E55031-E90F-6A7B-0049-D2CA86FF18FE}.Debug|Any CPU.Build.0 = Debug|Any CPU
		{E6E55031-E90F-6A7B-0049-D2CA86FF18FE}.Release|Any CPU.ActiveCfg = Release|Any CPU
		{E6E55031-E90F-6A7B-0049-D2CA86FF18FE}.Release|Any CPU.Build.0 = Release|Any CPU
		{E8FAA615-130F-F356-E59E-11A8E8472962}.Debug|Any CPU.ActiveCfg = Debug|Any CPU
		{E8FAA615-130F-F356-E59E-11A8E8472962}.Debug|Any CPU.Build.0 = Debug|Any CPU
		{E8FAA615-130F-F356-E59E-11A8E8472962}.Release|Any CPU.ActiveCfg = Release|Any CPU
		{E8FAA615-130F-F356-E59E-11A8E8472962}.Release|Any CPU.Build.0 = Release|Any CPU
		{6E9C005F-A014-D1C9-8BEA-BEED018D476E}.Debug|Any CPU.ActiveCfg = Debug|Any CPU
		{6E9C005F-A014-D1C9-8BEA-BEED018D476E}.Debug|Any CPU.Build.0 = Debug|Any CPU
		{6E9C005F-A014-D1C9-8BEA-BEED018D476E}.Release|Any CPU.ActiveCfg = Release|Any CPU
		{6E9C005F-A014-D1C9-8BEA-BEED018D476E}.Release|Any CPU.Build.0 = Release|Any CPU
		{CAC78BED-9EF1-3E1E-B184-6CFD40ADC84A}.Debug|Any CPU.ActiveCfg = Debug|Any CPU
		{CAC78BED-9EF1-3E1E-B184-6CFD40ADC84A}.Debug|Any CPU.Build.0 = Debug|Any CPU
		{CAC78BED-9EF1-3E1E-B184-6CFD40ADC84A}.Release|Any CPU.ActiveCfg = Release|Any CPU
		{CAC78BED-9EF1-3E1E-B184-6CFD40ADC84A}.Release|Any CPU.Build.0 = Release|Any CPU
		{7C8A0520-B967-E802-754C-EBE947252C58}.Debug|Any CPU.ActiveCfg = Debug|Any CPU
		{7C8A0520-B967-E802-754C-EBE947252C58}.Debug|Any CPU.Build.0 = Debug|Any CPU
		{7C8A0520-B967-E802-754C-EBE947252C58}.Release|Any CPU.ActiveCfg = Release|Any CPU
		{7C8A0520-B967-E802-754C-EBE947252C58}.Release|Any CPU.Build.0 = Release|Any CPU
		{00DA70C8-0E0D-AF0F-28A7-1A156791AF83}.Debug|Any CPU.ActiveCfg = Debug|Any CPU
		{00DA70C8-0E0D-AF0F-28A7-1A156791AF83}.Debug|Any CPU.Build.0 = Debug|Any CPU
		{00DA70C8-0E0D-AF0F-28A7-1A156791AF83}.Release|Any CPU.ActiveCfg = Release|Any CPU
		{00DA70C8-0E0D-AF0F-28A7-1A156791AF83}.Release|Any CPU.Build.0 = Release|Any CPU
		{340CE3CF-8600-B886-66C0-D3139119B9E3}.Debug|Any CPU.ActiveCfg = Debug|Any CPU
		{340CE3CF-8600-B886-66C0-D3139119B9E3}.Debug|Any CPU.Build.0 = Debug|Any CPU
		{340CE3CF-8600-B886-66C0-D3139119B9E3}.Release|Any CPU.ActiveCfg = Release|Any CPU
		{340CE3CF-8600-B886-66C0-D3139119B9E3}.Release|Any CPU.Build.0 = Release|Any CPU
		{DB43A9F7-01BC-7A0F-7DA1-237DB2CEF2FF}.Debug|Any CPU.ActiveCfg = Debug|Any CPU
		{DB43A9F7-01BC-7A0F-7DA1-237DB2CEF2FF}.Debug|Any CPU.Build.0 = Debug|Any CPU
		{DB43A9F7-01BC-7A0F-7DA1-237DB2CEF2FF}.Release|Any CPU.ActiveCfg = Release|Any CPU
		{DB43A9F7-01BC-7A0F-7DA1-237DB2CEF2FF}.Release|Any CPU.Build.0 = Release|Any CPU
		{F5B2946E-85A3-26DB-6B2C-DDBEF8A4FAA7}.Debug|Any CPU.ActiveCfg = Debug|Any CPU
		{F5B2946E-85A3-26DB-6B2C-DDBEF8A4FAA7}.Debug|Any CPU.Build.0 = Debug|Any CPU
		{F5B2946E-85A3-26DB-6B2C-DDBEF8A4FAA7}.Release|Any CPU.ActiveCfg = Release|Any CPU
		{F5B2946E-85A3-26DB-6B2C-DDBEF8A4FAA7}.Release|Any CPU.Build.0 = Release|Any CPU
		{03AEE875-E85F-61A0-31AC-C16B35499206}.Debug|Any CPU.ActiveCfg = Debug|Any CPU
		{03AEE875-E85F-61A0-31AC-C16B35499206}.Debug|Any CPU.Build.0 = Debug|Any CPU
		{03AEE875-E85F-61A0-31AC-C16B35499206}.Release|Any CPU.ActiveCfg = Release|Any CPU
		{03AEE875-E85F-61A0-31AC-C16B35499206}.Release|Any CPU.Build.0 = Release|Any CPU
		{A6C992C1-B6CA-20C9-7BF4-E12239D493D2}.Debug|Any CPU.ActiveCfg = Debug|Any CPU
		{A6C992C1-B6CA-20C9-7BF4-E12239D493D2}.Debug|Any CPU.Build.0 = Debug|Any CPU
		{A6C992C1-B6CA-20C9-7BF4-E12239D493D2}.Release|Any CPU.ActiveCfg = Release|Any CPU
		{A6C992C1-B6CA-20C9-7BF4-E12239D493D2}.Release|Any CPU.Build.0 = Release|Any CPU
		{E0A8FFFD-5A7F-BE9B-C283-02EBDB730786}.Debug|Any CPU.ActiveCfg = Debug|Any CPU
		{E0A8FFFD-5A7F-BE9B-C283-02EBDB730786}.Debug|Any CPU.Build.0 = Debug|Any CPU
		{E0A8FFFD-5A7F-BE9B-C283-02EBDB730786}.Release|Any CPU.ActiveCfg = Release|Any CPU
		{E0A8FFFD-5A7F-BE9B-C283-02EBDB730786}.Release|Any CPU.Build.0 = Release|Any CPU
		{F0F958EC-AE92-B3CC-BDF2-BF2548804A2C}.Debug|Any CPU.ActiveCfg = Debug|Any CPU
		{F0F958EC-AE92-B3CC-BDF2-BF2548804A2C}.Debug|Any CPU.Build.0 = Debug|Any CPU
		{F0F958EC-AE92-B3CC-BDF2-BF2548804A2C}.Release|Any CPU.ActiveCfg = Release|Any CPU
		{F0F958EC-AE92-B3CC-BDF2-BF2548804A2C}.Release|Any CPU.Build.0 = Release|Any CPU
		{494DCA01-055C-71EB-24C2-30821A3778D8}.Debug|Any CPU.ActiveCfg = Debug|Any CPU
		{494DCA01-055C-71EB-24C2-30821A3778D8}.Debug|Any CPU.Build.0 = Debug|Any CPU
		{494DCA01-055C-71EB-24C2-30821A3778D8}.Release|Any CPU.ActiveCfg = Release|Any CPU
		{494DCA01-055C-71EB-24C2-30821A3778D8}.Release|Any CPU.Build.0 = Release|Any CPU
		{801CA322-C2D6-A187-CB43-7D89B45CDAED}.Debug|Any CPU.ActiveCfg = Debug|Any CPU
		{801CA322-C2D6-A187-CB43-7D89B45CDAED}.Debug|Any CPU.Build.0 = Debug|Any CPU
		{801CA322-C2D6-A187-CB43-7D89B45CDAED}.Release|Any CPU.ActiveCfg = Release|Any CPU
		{801CA322-C2D6-A187-CB43-7D89B45CDAED}.Release|Any CPU.Build.0 = Release|Any CPU
		{6D8D9CE9-2DBB-CF70-872C-97AA5BCF9329}.Debug|Any CPU.ActiveCfg = Debug|Any CPU
		{6D8D9CE9-2DBB-CF70-872C-97AA5BCF9329}.Debug|Any CPU.Build.0 = Debug|Any CPU
		{6D8D9CE9-2DBB-CF70-872C-97AA5BCF9329}.Release|Any CPU.ActiveCfg = Release|Any CPU
		{6D8D9CE9-2DBB-CF70-872C-97AA5BCF9329}.Release|Any CPU.Build.0 = Release|Any CPU
		{E7A8ADC0-BA76-4FB4-990E-BF070A4B6316}.Debug|Any CPU.ActiveCfg = Debug|Any CPU
		{E7A8ADC0-BA76-4FB4-990E-BF070A4B6316}.Debug|Any CPU.Build.0 = Debug|Any CPU
		{E7A8ADC0-BA76-4FB4-990E-BF070A4B6316}.Release|Any CPU.ActiveCfg = Release|Any CPU
		{E7A8ADC0-BA76-4FB4-990E-BF070A4B6316}.Release|Any CPU.Build.0 = Release|Any CPU
		{03FB0822-2854-34E3-5DEB-A00EA796CA75}.Debug|Any CPU.ActiveCfg = Debug|Any CPU
		{03FB0822-2854-34E3-5DEB-A00EA796CA75}.Debug|Any CPU.Build.0 = Debug|Any CPU
		{03FB0822-2854-34E3-5DEB-A00EA796CA75}.Release|Any CPU.ActiveCfg = Release|Any CPU
		{03FB0822-2854-34E3-5DEB-A00EA796CA75}.Release|Any CPU.Build.0 = Release|Any CPU
		{A92D7D5F-BBE8-5539-BC59-4696AA66F41C}.Debug|Any CPU.ActiveCfg = Debug|Any CPU
		{A92D7D5F-BBE8-5539-BC59-4696AA66F41C}.Debug|Any CPU.Build.0 = Debug|Any CPU
		{A92D7D5F-BBE8-5539-BC59-4696AA66F41C}.Release|Any CPU.ActiveCfg = Release|Any CPU
		{A92D7D5F-BBE8-5539-BC59-4696AA66F41C}.Release|Any CPU.Build.0 = Release|Any CPU
		{287EE2C1-8AB3-5CE2-473F-90F0A8E6A70B}.Debug|Any CPU.ActiveCfg = Debug|Any CPU
		{287EE2C1-8AB3-5CE2-473F-90F0A8E6A70B}.Debug|Any CPU.Build.0 = Debug|Any CPU
		{287EE2C1-8AB3-5CE2-473F-90F0A8E6A70B}.Release|Any CPU.ActiveCfg = Release|Any CPU
		{287EE2C1-8AB3-5CE2-473F-90F0A8E6A70B}.Release|Any CPU.Build.0 = Release|Any CPU
		{D26E71AC-8087-7FDE-CCFC-F1EC8C60F586}.Debug|Any CPU.ActiveCfg = Debug|Any CPU
		{D26E71AC-8087-7FDE-CCFC-F1EC8C60F586}.Debug|Any CPU.Build.0 = Debug|Any CPU
		{D26E71AC-8087-7FDE-CCFC-F1EC8C60F586}.Release|Any CPU.ActiveCfg = Release|Any CPU
		{D26E71AC-8087-7FDE-CCFC-F1EC8C60F586}.Release|Any CPU.Build.0 = Release|Any CPU
		{E3706E30-3A4C-6881-9E66-4048D978A3C1}.Debug|Any CPU.ActiveCfg = Debug|Any CPU
		{E3706E30-3A4C-6881-9E66-4048D978A3C1}.Debug|Any CPU.Build.0 = Debug|Any CPU
		{E3706E30-3A4C-6881-9E66-4048D978A3C1}.Release|Any CPU.ActiveCfg = Release|Any CPU
		{E3706E30-3A4C-6881-9E66-4048D978A3C1}.Release|Any CPU.Build.0 = Release|Any CPU
		{3CF72C97-2C0B-A2D9-899E-FBA3F6C6E7B4}.Debug|Any CPU.ActiveCfg = Debug|Any CPU
		{3CF72C97-2C0B-A2D9-899E-FBA3F6C6E7B4}.Debug|Any CPU.Build.0 = Debug|Any CPU
		{3CF72C97-2C0B-A2D9-899E-FBA3F6C6E7B4}.Release|Any CPU.ActiveCfg = Release|Any CPU
		{3CF72C97-2C0B-A2D9-899E-FBA3F6C6E7B4}.Release|Any CPU.Build.0 = Release|Any CPU
		{DD3C000C-C220-E078-DB49-741D13745422}.Debug|Any CPU.ActiveCfg = Debug|Any CPU
		{DD3C000C-C220-E078-DB49-741D13745422}.Debug|Any CPU.Build.0 = Debug|Any CPU
		{DD3C000C-C220-E078-DB49-741D13745422}.Release|Any CPU.ActiveCfg = Release|Any CPU
		{DD3C000C-C220-E078-DB49-741D13745422}.Release|Any CPU.Build.0 = Release|Any CPU
		{09254342-6B74-3E68-F474-1850772C0D57}.Debug|Any CPU.ActiveCfg = Debug|Any CPU
		{09254342-6B74-3E68-F474-1850772C0D57}.Debug|Any CPU.Build.0 = Debug|Any CPU
		{09254342-6B74-3E68-F474-1850772C0D57}.Release|Any CPU.ActiveCfg = Release|Any CPU
		{09254342-6B74-3E68-F474-1850772C0D57}.Release|Any CPU.Build.0 = Release|Any CPU
		{D850B498-1E7A-ABA6-2DE5-DECE39C62427}.Debug|Any CPU.ActiveCfg = Debug|Any CPU
		{D850B498-1E7A-ABA6-2DE5-DECE39C62427}.Debug|Any CPU.Build.0 = Debug|Any CPU
		{D850B498-1E7A-ABA6-2DE5-DECE39C62427}.Release|Any CPU.ActiveCfg = Release|Any CPU
		{D850B498-1E7A-ABA6-2DE5-DECE39C62427}.Release|Any CPU.Build.0 = Release|Any CPU
		{BCA0477F-1F0E-901A-087C-EFB0FA271A06}.Debug|Any CPU.ActiveCfg = Debug|Any CPU
		{BCA0477F-1F0E-901A-087C-EFB0FA271A06}.Debug|Any CPU.Build.0 = Debug|Any CPU
		{BCA0477F-1F0E-901A-087C-EFB0FA271A06}.Release|Any CPU.ActiveCfg = Release|Any CPU
		{BCA0477F-1F0E-901A-087C-EFB0FA271A06}.Release|Any CPU.Build.0 = Release|Any CPU
		{1ACD273F-E23A-8BDF-5909-B621A67A4625}.Debug|Any CPU.ActiveCfg = Debug|Any CPU
		{1ACD273F-E23A-8BDF-5909-B621A67A4625}.Debug|Any CPU.Build.0 = Debug|Any CPU
		{1ACD273F-E23A-8BDF-5909-B621A67A4625}.Release|Any CPU.ActiveCfg = Release|Any CPU
		{1ACD273F-E23A-8BDF-5909-B621A67A4625}.Release|Any CPU.Build.0 = Release|Any CPU
		{8797AD66-34B8-84FB-4D46-8D4F8734C4A9}.Debug|Any CPU.ActiveCfg = Debug|Any CPU
		{8797AD66-34B8-84FB-4D46-8D4F8734C4A9}.Debug|Any CPU.Build.0 = Debug|Any CPU
		{8797AD66-34B8-84FB-4D46-8D4F8734C4A9}.Release|Any CPU.ActiveCfg = Release|Any CPU
		{8797AD66-34B8-84FB-4D46-8D4F8734C4A9}.Release|Any CPU.Build.0 = Release|Any CPU
		{1CD95A30-3ADD-EACA-219D-F9E633C862C1}.Debug|Any CPU.ActiveCfg = Debug|Any CPU
		{1CD95A30-3ADD-EACA-219D-F9E633C862C1}.Debug|Any CPU.Build.0 = Debug|Any CPU
		{1CD95A30-3ADD-EACA-219D-F9E633C862C1}.Release|Any CPU.ActiveCfg = Release|Any CPU
		{1CD95A30-3ADD-EACA-219D-F9E633C862C1}.Release|Any CPU.Build.0 = Release|Any CPU
		{F4F42134-9A24-0D77-53BF-86A637C9396C}.Debug|Any CPU.ActiveCfg = Debug|Any CPU
		{F4F42134-9A24-0D77-53BF-86A637C9396C}.Debug|Any CPU.Build.0 = Debug|Any CPU
		{F4F42134-9A24-0D77-53BF-86A637C9396C}.Release|Any CPU.ActiveCfg = Release|Any CPU
		{F4F42134-9A24-0D77-53BF-86A637C9396C}.Release|Any CPU.Build.0 = Release|Any CPU
		{582FEA41-C70C-A5CD-4273-1FAF323CB7DE}.Debug|Any CPU.ActiveCfg = Debug|Any CPU
		{582FEA41-C70C-A5CD-4273-1FAF323CB7DE}.Debug|Any CPU.Build.0 = Debug|Any CPU
		{582FEA41-C70C-A5CD-4273-1FAF323CB7DE}.Release|Any CPU.ActiveCfg = Release|Any CPU
		{582FEA41-C70C-A5CD-4273-1FAF323CB7DE}.Release|Any CPU.Build.0 = Release|Any CPU
		{65A2B100-5745-D6A1-51D3-405F040B69F3}.Debug|Any CPU.ActiveCfg = Debug|Any CPU
		{65A2B100-5745-D6A1-51D3-405F040B69F3}.Debug|Any CPU.Build.0 = Debug|Any CPU
		{65A2B100-5745-D6A1-51D3-405F040B69F3}.Release|Any CPU.ActiveCfg = Release|Any CPU
		{65A2B100-5745-D6A1-51D3-405F040B69F3}.Release|Any CPU.Build.0 = Release|Any CPU
		{B31A3278-79DD-3E79-7B79-30290D84B2CB}.Debug|Any CPU.ActiveCfg = Debug|Any CPU
		{B31A3278-79DD-3E79-7B79-30290D84B2CB}.Debug|Any CPU.Build.0 = Debug|Any CPU
		{B31A3278-79DD-3E79-7B79-30290D84B2CB}.Release|Any CPU.ActiveCfg = Release|Any CPU
		{B31A3278-79DD-3E79-7B79-30290D84B2CB}.Release|Any CPU.Build.0 = Release|Any CPU
		{2DC454A2-02CF-56C1-A451-D883568A4840}.Debug|Any CPU.ActiveCfg = Debug|Any CPU
		{2DC454A2-02CF-56C1-A451-D883568A4840}.Debug|Any CPU.Build.0 = Debug|Any CPU
		{2DC454A2-02CF-56C1-A451-D883568A4840}.Release|Any CPU.ActiveCfg = Release|Any CPU
		{2DC454A2-02CF-56C1-A451-D883568A4840}.Release|Any CPU.Build.0 = Release|Any CPU
		{A8ECDEBD-F749-9F41-FD07-AE763BEE5992}.Debug|Any CPU.ActiveCfg = Debug|Any CPU
		{A8ECDEBD-F749-9F41-FD07-AE763BEE5992}.Debug|Any CPU.Build.0 = Debug|Any CPU
		{A8ECDEBD-F749-9F41-FD07-AE763BEE5992}.Release|Any CPU.ActiveCfg = Release|Any CPU
		{A8ECDEBD-F749-9F41-FD07-AE763BEE5992}.Release|Any CPU.Build.0 = Release|Any CPU
		{794AA055-BE33-412B-0A1E-CE658B278084}.Debug|Any CPU.ActiveCfg = Debug|Any CPU
		{794AA055-BE33-412B-0A1E-CE658B278084}.Debug|Any CPU.Build.0 = Debug|Any CPU
		{794AA055-BE33-412B-0A1E-CE658B278084}.Release|Any CPU.ActiveCfg = Release|Any CPU
		{794AA055-BE33-412B-0A1E-CE658B278084}.Release|Any CPU.Build.0 = Release|Any CPU
		{82E9AD66-4E31-134B-555E-5A7F171210DC}.Debug|Any CPU.ActiveCfg = Debug|Any CPU
		{82E9AD66-4E31-134B-555E-5A7F171210DC}.Debug|Any CPU.Build.0 = Debug|Any CPU
		{82E9AD66-4E31-134B-555E-5A7F171210DC}.Release|Any CPU.ActiveCfg = Release|Any CPU
		{82E9AD66-4E31-134B-555E-5A7F171210DC}.Release|Any CPU.Build.0 = Release|Any CPU
		{FA07BD45-4DEF-7826-74D1-1F8C25CD152E}.Debug|Any CPU.ActiveCfg = Debug|Any CPU
		{FA07BD45-4DEF-7826-74D1-1F8C25CD152E}.Debug|Any CPU.Build.0 = Debug|Any CPU
		{FA07BD45-4DEF-7826-74D1-1F8C25CD152E}.Release|Any CPU.ActiveCfg = Release|Any CPU
		{FA07BD45-4DEF-7826-74D1-1F8C25CD152E}.Release|Any CPU.Build.0 = Release|Any CPU
		{AAC1D725-2B29-8ACB-A025-46955759D5CD}.Debug|Any CPU.ActiveCfg = Debug|Any CPU
		{AAC1D725-2B29-8ACB-A025-46955759D5CD}.Debug|Any CPU.Build.0 = Debug|Any CPU
		{AAC1D725-2B29-8ACB-A025-46955759D5CD}.Release|Any CPU.ActiveCfg = Release|Any CPU
		{AAC1D725-2B29-8ACB-A025-46955759D5CD}.Release|Any CPU.Build.0 = Release|Any CPU
		{F7EF7211-A93E-16A2-F003-75B02C47D117}.Debug|Any CPU.ActiveCfg = Debug|Any CPU
		{F7EF7211-A93E-16A2-F003-75B02C47D117}.Debug|Any CPU.Build.0 = Debug|Any CPU
		{F7EF7211-A93E-16A2-F003-75B02C47D117}.Release|Any CPU.ActiveCfg = Release|Any CPU
		{F7EF7211-A93E-16A2-F003-75B02C47D117}.Release|Any CPU.Build.0 = Release|Any CPU
		{1620B03C-8F70-06E0-0C34-AB28DCEEA0C0}.Debug|Any CPU.ActiveCfg = Debug|Any CPU
		{1620B03C-8F70-06E0-0C34-AB28DCEEA0C0}.Debug|Any CPU.Build.0 = Debug|Any CPU
		{1620B03C-8F70-06E0-0C34-AB28DCEEA0C0}.Release|Any CPU.ActiveCfg = Release|Any CPU
		{1620B03C-8F70-06E0-0C34-AB28DCEEA0C0}.Release|Any CPU.Build.0 = Release|Any CPU
		{2ADA3286-DBAA-E784-8B10-C3D648032DC5}.Debug|Any CPU.ActiveCfg = Debug|Any CPU
		{2ADA3286-DBAA-E784-8B10-C3D648032DC5}.Debug|Any CPU.Build.0 = Debug|Any CPU
		{2ADA3286-DBAA-E784-8B10-C3D648032DC5}.Release|Any CPU.ActiveCfg = Release|Any CPU
		{2ADA3286-DBAA-E784-8B10-C3D648032DC5}.Release|Any CPU.Build.0 = Release|Any CPU
		{5C8A9F90-7076-9280-12DC-E8E18191F979}.Debug|Any CPU.ActiveCfg = Debug|Any CPU
		{5C8A9F90-7076-9280-12DC-E8E18191F979}.Debug|Any CPU.Build.0 = Debug|Any CPU
		{5C8A9F90-7076-9280-12DC-E8E18191F979}.Release|Any CPU.ActiveCfg = Release|Any CPU
		{5C8A9F90-7076-9280-12DC-E8E18191F979}.Release|Any CPU.Build.0 = Release|Any CPU
		{40D94530-4A5F-E731-77F0-B01BF67675EC}.Debug|Any CPU.ActiveCfg = Debug|Any CPU
		{40D94530-4A5F-E731-77F0-B01BF67675EC}.Debug|Any CPU.Build.0 = Debug|Any CPU
		{40D94530-4A5F-E731-77F0-B01BF67675EC}.Release|Any CPU.ActiveCfg = Release|Any CPU
		{40D94530-4A5F-E731-77F0-B01BF67675EC}.Release|Any CPU.Build.0 = Release|Any CPU
		{959089BC-1AE2-C7B0-CD28-B44B9758E8EB}.Debug|Any CPU.ActiveCfg = Debug|Any CPU
		{959089BC-1AE2-C7B0-CD28-B44B9758E8EB}.Debug|Any CPU.Build.0 = Debug|Any CPU
		{959089BC-1AE2-C7B0-CD28-B44B9758E8EB}.Release|Any CPU.ActiveCfg = Release|Any CPU
		{959089BC-1AE2-C7B0-CD28-B44B9758E8EB}.Release|Any CPU.Build.0 = Release|Any CPU
		{2BAF2132-16A9-CB12-B2A9-0C9E0C54253A}.Debug|Any CPU.ActiveCfg = Debug|Any CPU
		{2BAF2132-16A9-CB12-B2A9-0C9E0C54253A}.Debug|Any CPU.Build.0 = Debug|Any CPU
		{2BAF2132-16A9-CB12-B2A9-0C9E0C54253A}.Release|Any CPU.ActiveCfg = Release|Any CPU
		{2BAF2132-16A9-CB12-B2A9-0C9E0C54253A}.Release|Any CPU.Build.0 = Release|Any CPU
		{132D5C1F-08FE-AE2C-BAD1-110982F9072E}.Debug|Any CPU.ActiveCfg = Debug|Any CPU
		{132D5C1F-08FE-AE2C-BAD1-110982F9072E}.Debug|Any CPU.Build.0 = Debug|Any CPU
		{132D5C1F-08FE-AE2C-BAD1-110982F9072E}.Release|Any CPU.ActiveCfg = Release|Any CPU
		{132D5C1F-08FE-AE2C-BAD1-110982F9072E}.Release|Any CPU.Build.0 = Release|Any CPU
		{FBA2F146-2FC3-DE56-5B26-3499D3747BAF}.Debug|Any CPU.ActiveCfg = Debug|Any CPU
		{FBA2F146-2FC3-DE56-5B26-3499D3747BAF}.Debug|Any CPU.Build.0 = Debug|Any CPU
		{FBA2F146-2FC3-DE56-5B26-3499D3747BAF}.Release|Any CPU.ActiveCfg = Release|Any CPU
		{FBA2F146-2FC3-DE56-5B26-3499D3747BAF}.Release|Any CPU.Build.0 = Release|Any CPU
		{736D70A7-6C9C-EC87-A08F-0895F6EC88BE}.Debug|Any CPU.ActiveCfg = Debug|Any CPU
		{736D70A7-6C9C-EC87-A08F-0895F6EC88BE}.Debug|Any CPU.Build.0 = Debug|Any CPU
		{736D70A7-6C9C-EC87-A08F-0895F6EC88BE}.Release|Any CPU.ActiveCfg = Release|Any CPU
		{736D70A7-6C9C-EC87-A08F-0895F6EC88BE}.Release|Any CPU.Build.0 = Release|Any CPU
		{1B8B150A-F330-3702-0897-16CBE77432CA}.Debug|Any CPU.ActiveCfg = Debug|Any CPU
		{1B8B150A-F330-3702-0897-16CBE77432CA}.Debug|Any CPU.Build.0 = Debug|Any CPU
		{1B8B150A-F330-3702-0897-16CBE77432CA}.Release|Any CPU.ActiveCfg = Release|Any CPU
		{1B8B150A-F330-3702-0897-16CBE77432CA}.Release|Any CPU.Build.0 = Release|Any CPU
		{9CC56814-CFEA-6396-05C7-23814A9B15DF}.Debug|Any CPU.ActiveCfg = Debug|Any CPU
		{9CC56814-CFEA-6396-05C7-23814A9B15DF}.Debug|Any CPU.Build.0 = Debug|Any CPU
		{9CC56814-CFEA-6396-05C7-23814A9B15DF}.Release|Any CPU.ActiveCfg = Release|Any CPU
		{9CC56814-CFEA-6396-05C7-23814A9B15DF}.Release|Any CPU.Build.0 = Release|Any CPU
		{48F92E2B-B2D3-969F-5F2E-EDEA19455A67}.Debug|Any CPU.ActiveCfg = Debug|Any CPU
		{48F92E2B-B2D3-969F-5F2E-EDEA19455A67}.Debug|Any CPU.Build.0 = Debug|Any CPU
		{48F92E2B-B2D3-969F-5F2E-EDEA19455A67}.Release|Any CPU.ActiveCfg = Release|Any CPU
		{48F92E2B-B2D3-969F-5F2E-EDEA19455A67}.Release|Any CPU.Build.0 = Release|Any CPU
		{9E821162-FF69-D12C-C7F6-D9B1A982B50E}.Debug|Any CPU.ActiveCfg = Debug|Any CPU
		{9E821162-FF69-D12C-C7F6-D9B1A982B50E}.Debug|Any CPU.Build.0 = Debug|Any CPU
		{9E821162-FF69-D12C-C7F6-D9B1A982B50E}.Release|Any CPU.ActiveCfg = Release|Any CPU
		{9E821162-FF69-D12C-C7F6-D9B1A982B50E}.Release|Any CPU.Build.0 = Release|Any CPU
		{17D1A2B3-C167-3B0A-CAA8-32D07E785521}.Debug|Any CPU.ActiveCfg = Debug|Any CPU
		{17D1A2B3-C167-3B0A-CAA8-32D07E785521}.Debug|Any CPU.Build.0 = Debug|Any CPU
		{17D1A2B3-C167-3B0A-CAA8-32D07E785521}.Release|Any CPU.ActiveCfg = Release|Any CPU
		{17D1A2B3-C167-3B0A-CAA8-32D07E785521}.Release|Any CPU.Build.0 = Release|Any CPU
		{1C41876B-7CB4-5410-A5B6-F36E0D75488A}.Debug|Any CPU.ActiveCfg = Debug|Any CPU
		{1C41876B-7CB4-5410-A5B6-F36E0D75488A}.Debug|Any CPU.Build.0 = Debug|Any CPU
		{1C41876B-7CB4-5410-A5B6-F36E0D75488A}.Release|Any CPU.ActiveCfg = Release|Any CPU
		{1C41876B-7CB4-5410-A5B6-F36E0D75488A}.Release|Any CPU.Build.0 = Release|Any CPU
		{D5EB64F9-83CB-979A-4712-2D3F115696F2}.Debug|Any CPU.ActiveCfg = Debug|Any CPU
		{D5EB64F9-83CB-979A-4712-2D3F115696F2}.Debug|Any CPU.Build.0 = Debug|Any CPU
		{D5EB64F9-83CB-979A-4712-2D3F115696F2}.Release|Any CPU.ActiveCfg = Release|Any CPU
		{D5EB64F9-83CB-979A-4712-2D3F115696F2}.Release|Any CPU.Build.0 = Release|Any CPU
		{62CFE2E4-6A3A-CA75-D019-E3592F540B5D}.Debug|Any CPU.ActiveCfg = Debug|Any CPU
		{62CFE2E4-6A3A-CA75-D019-E3592F540B5D}.Debug|Any CPU.Build.0 = Debug|Any CPU
		{62CFE2E4-6A3A-CA75-D019-E3592F540B5D}.Release|Any CPU.ActiveCfg = Release|Any CPU
		{62CFE2E4-6A3A-CA75-D019-E3592F540B5D}.Release|Any CPU.Build.0 = Release|Any CPU
		{5CFFD076-3314-3289-3A0A-9F0A2AC26DC6}.Debug|Any CPU.ActiveCfg = Debug|Any CPU
		{5CFFD076-3314-3289-3A0A-9F0A2AC26DC6}.Debug|Any CPU.Build.0 = Debug|Any CPU
		{5CFFD076-3314-3289-3A0A-9F0A2AC26DC6}.Release|Any CPU.ActiveCfg = Release|Any CPU
		{5CFFD076-3314-3289-3A0A-9F0A2AC26DC6}.Release|Any CPU.Build.0 = Release|Any CPU
		{30655D0E-BEE5-DF30-47AB-C013468B76C9}.Debug|Any CPU.ActiveCfg = Debug|Any CPU
		{30655D0E-BEE5-DF30-47AB-C013468B76C9}.Debug|Any CPU.Build.0 = Debug|Any CPU
		{30655D0E-BEE5-DF30-47AB-C013468B76C9}.Release|Any CPU.ActiveCfg = Release|Any CPU
		{30655D0E-BEE5-DF30-47AB-C013468B76C9}.Release|Any CPU.Build.0 = Release|Any CPU
		{02B3A498-7155-1C62-8041-D270606944B3}.Debug|Any CPU.ActiveCfg = Debug|Any CPU
		{02B3A498-7155-1C62-8041-D270606944B3}.Debug|Any CPU.Build.0 = Debug|Any CPU
		{02B3A498-7155-1C62-8041-D270606944B3}.Release|Any CPU.ActiveCfg = Release|Any CPU
		{02B3A498-7155-1C62-8041-D270606944B3}.Release|Any CPU.Build.0 = Release|Any CPU
		{22B34ABA-B2CE-BA2A-75A8-E8136A4C21C0}.Debug|Any CPU.ActiveCfg = Debug|Any CPU
		{22B34ABA-B2CE-BA2A-75A8-E8136A4C21C0}.Debug|Any CPU.Build.0 = Debug|Any CPU
		{22B34ABA-B2CE-BA2A-75A8-E8136A4C21C0}.Release|Any CPU.ActiveCfg = Release|Any CPU
		{22B34ABA-B2CE-BA2A-75A8-E8136A4C21C0}.Release|Any CPU.Build.0 = Release|Any CPU
		{183641C5-EAC2-EF40-35C0-3494D46BB3FC}.Debug|Any CPU.ActiveCfg = Debug|Any CPU
		{183641C5-EAC2-EF40-35C0-3494D46BB3FC}.Debug|Any CPU.Build.0 = Debug|Any CPU
		{183641C5-EAC2-EF40-35C0-3494D46BB3FC}.Release|Any CPU.ActiveCfg = Release|Any CPU
		{183641C5-EAC2-EF40-35C0-3494D46BB3FC}.Release|Any CPU.Build.0 = Release|Any CPU
		{4DA0844E-45A3-10D6-808A-A4244D0E9424}.Debug|Any CPU.ActiveCfg = Debug|Any CPU
		{4DA0844E-45A3-10D6-808A-A4244D0E9424}.Debug|Any CPU.Build.0 = Debug|Any CPU
		{4DA0844E-45A3-10D6-808A-A4244D0E9424}.Release|Any CPU.ActiveCfg = Release|Any CPU
		{4DA0844E-45A3-10D6-808A-A4244D0E9424}.Release|Any CPU.Build.0 = Release|Any CPU
		{102D2B2E-D4D9-3F36-8E79-EAFC46A4458D}.Debug|Any CPU.ActiveCfg = Debug|Any CPU
		{102D2B2E-D4D9-3F36-8E79-EAFC46A4458D}.Debug|Any CPU.Build.0 = Debug|Any CPU
		{102D2B2E-D4D9-3F36-8E79-EAFC46A4458D}.Release|Any CPU.ActiveCfg = Release|Any CPU
		{102D2B2E-D4D9-3F36-8E79-EAFC46A4458D}.Release|Any CPU.Build.0 = Release|Any CPU
		{F6E552B2-820B-0754-F54B-185FD96E0177}.Debug|Any CPU.ActiveCfg = Debug|Any CPU
		{F6E552B2-820B-0754-F54B-185FD96E0177}.Debug|Any CPU.Build.0 = Debug|Any CPU
		{F6E552B2-820B-0754-F54B-185FD96E0177}.Release|Any CPU.ActiveCfg = Release|Any CPU
		{F6E552B2-820B-0754-F54B-185FD96E0177}.Release|Any CPU.Build.0 = Release|Any CPU
		{4F1E28C4-07E8-AAAB-E74A-258322620D8D}.Debug|Any CPU.ActiveCfg = Debug|Any CPU
		{4F1E28C4-07E8-AAAB-E74A-258322620D8D}.Debug|Any CPU.Build.0 = Debug|Any CPU
		{4F1E28C4-07E8-AAAB-E74A-258322620D8D}.Release|Any CPU.ActiveCfg = Release|Any CPU
		{4F1E28C4-07E8-AAAB-E74A-258322620D8D}.Release|Any CPU.Build.0 = Release|Any CPU
		{A418FC8D-85D6-B387-B72E-D4C0096A4FEB}.Debug|Any CPU.ActiveCfg = Debug|Any CPU
		{A418FC8D-85D6-B387-B72E-D4C0096A4FEB}.Debug|Any CPU.Build.0 = Debug|Any CPU
		{A418FC8D-85D6-B387-B72E-D4C0096A4FEB}.Release|Any CPU.ActiveCfg = Release|Any CPU
		{A418FC8D-85D6-B387-B72E-D4C0096A4FEB}.Release|Any CPU.Build.0 = Release|Any CPU
		{3C5D5157-1C8E-45E4-ABB7-A2CBCD6D3976}.Debug|Any CPU.ActiveCfg = Debug|Any CPU
		{3C5D5157-1C8E-45E4-ABB7-A2CBCD6D3976}.Debug|Any CPU.Build.0 = Debug|Any CPU
		{3C5D5157-1C8E-45E4-ABB7-A2CBCD6D3976}.Release|Any CPU.ActiveCfg = Release|Any CPU
		{3C5D5157-1C8E-45E4-ABB7-A2CBCD6D3976}.Release|Any CPU.Build.0 = Release|Any CPU
		{A798C00E-9697-4466-AF0A-62240C81C66C}.Debug|Any CPU.ActiveCfg = Debug|Any CPU
		{A798C00E-9697-4466-AF0A-62240C81C66C}.Debug|Any CPU.Build.0 = Debug|Any CPU
		{A798C00E-9697-4466-AF0A-62240C81C66C}.Release|Any CPU.ActiveCfg = Release|Any CPU
		{A798C00E-9697-4466-AF0A-62240C81C66C}.Release|Any CPU.Build.0 = Release|Any CPU
		{6B5705C5-EE42-FBEE-7BA3-F2A8F7294F56}.Debug|Any CPU.ActiveCfg = Debug|Any CPU
		{6B5705C5-EE42-FBEE-7BA3-F2A8F7294F56}.Debug|Any CPU.Build.0 = Debug|Any CPU
		{6B5705C5-EE42-FBEE-7BA3-F2A8F7294F56}.Release|Any CPU.ActiveCfg = Release|Any CPU
		{6B5705C5-EE42-FBEE-7BA3-F2A8F7294F56}.Release|Any CPU.Build.0 = Release|Any CPU
		{1382877A-81DC-5A24-ECB4-A1C57C5987D7}.Debug|Any CPU.ActiveCfg = Debug|Any CPU
		{1382877A-81DC-5A24-ECB4-A1C57C5987D7}.Debug|Any CPU.Build.0 = Debug|Any CPU
		{1382877A-81DC-5A24-ECB4-A1C57C5987D7}.Release|Any CPU.ActiveCfg = Release|Any CPU
		{1382877A-81DC-5A24-ECB4-A1C57C5987D7}.Release|Any CPU.Build.0 = Release|Any CPU
		{3AF270B7-A560-DCB8-5797-06D4A22EB0F3}.Debug|Any CPU.ActiveCfg = Debug|Any CPU
		{3AF270B7-A560-DCB8-5797-06D4A22EB0F3}.Debug|Any CPU.Build.0 = Debug|Any CPU
		{3AF270B7-A560-DCB8-5797-06D4A22EB0F3}.Release|Any CPU.ActiveCfg = Release|Any CPU
		{3AF270B7-A560-DCB8-5797-06D4A22EB0F3}.Release|Any CPU.Build.0 = Release|Any CPU
		{42104825-AFED-EFF2-8E02-55D2E331A236}.Debug|Any CPU.ActiveCfg = Debug|Any CPU
		{42104825-AFED-EFF2-8E02-55D2E331A236}.Debug|Any CPU.Build.0 = Debug|Any CPU
		{42104825-AFED-EFF2-8E02-55D2E331A236}.Release|Any CPU.ActiveCfg = Release|Any CPU
		{42104825-AFED-EFF2-8E02-55D2E331A236}.Release|Any CPU.Build.0 = Release|Any CPU
		{33232377-C788-8021-F8EE-5308907772FA}.Debug|Any CPU.ActiveCfg = Debug|Any CPU
		{33232377-C788-8021-F8EE-5308907772FA}.Debug|Any CPU.Build.0 = Debug|Any CPU
		{33232377-C788-8021-F8EE-5308907772FA}.Release|Any CPU.ActiveCfg = Release|Any CPU
		{33232377-C788-8021-F8EE-5308907772FA}.Release|Any CPU.Build.0 = Release|Any CPU
		{DD6AC1D0-7224-6A83-7965-357766485ACA}.Debug|Any CPU.ActiveCfg = Debug|Any CPU
		{DD6AC1D0-7224-6A83-7965-357766485ACA}.Debug|Any CPU.Build.0 = Debug|Any CPU
		{DD6AC1D0-7224-6A83-7965-357766485ACA}.Release|Any CPU.ActiveCfg = Release|Any CPU
		{DD6AC1D0-7224-6A83-7965-357766485ACA}.Release|Any CPU.Build.0 = Release|Any CPU
		{02DE3575-282B-9245-88D3-E34616205CD6}.Debug|Any CPU.ActiveCfg = Debug|Any CPU
		{02DE3575-282B-9245-88D3-E34616205CD6}.Debug|Any CPU.Build.0 = Debug|Any CPU
		{02DE3575-282B-9245-88D3-E34616205CD6}.Release|Any CPU.ActiveCfg = Release|Any CPU
		{02DE3575-282B-9245-88D3-E34616205CD6}.Release|Any CPU.Build.0 = Release|Any CPU
		{449942B3-02A9-706D-C443-889D7870E5C8}.Debug|Any CPU.ActiveCfg = Debug|Any CPU
		{449942B3-02A9-706D-C443-889D7870E5C8}.Debug|Any CPU.Build.0 = Debug|Any CPU
		{449942B3-02A9-706D-C443-889D7870E5C8}.Release|Any CPU.ActiveCfg = Release|Any CPU
		{449942B3-02A9-706D-C443-889D7870E5C8}.Release|Any CPU.Build.0 = Release|Any CPU
		{10C21C1B-2835-7A1D-3CC8-30279E1FBAAB}.Debug|Any CPU.ActiveCfg = Debug|Any CPU
		{10C21C1B-2835-7A1D-3CC8-30279E1FBAAB}.Debug|Any CPU.Build.0 = Debug|Any CPU
		{10C21C1B-2835-7A1D-3CC8-30279E1FBAAB}.Release|Any CPU.ActiveCfg = Release|Any CPU
		{10C21C1B-2835-7A1D-3CC8-30279E1FBAAB}.Release|Any CPU.Build.0 = Release|Any CPU
		{C9AFFA38-BDB1-9578-A510-028F39E7A81F}.Debug|Any CPU.ActiveCfg = Debug|Any CPU
		{C9AFFA38-BDB1-9578-A510-028F39E7A81F}.Debug|Any CPU.Build.0 = Debug|Any CPU
		{C9AFFA38-BDB1-9578-A510-028F39E7A81F}.Release|Any CPU.ActiveCfg = Release|Any CPU
		{C9AFFA38-BDB1-9578-A510-028F39E7A81F}.Release|Any CPU.Build.0 = Release|Any CPU
		{9FF87B05-81DC-4B62-FC82-5A09DC6554C8}.Debug|Any CPU.ActiveCfg = Debug|Any CPU
		{9FF87B05-81DC-4B62-FC82-5A09DC6554C8}.Debug|Any CPU.Build.0 = Debug|Any CPU
		{9FF87B05-81DC-4B62-FC82-5A09DC6554C8}.Release|Any CPU.ActiveCfg = Release|Any CPU
		{9FF87B05-81DC-4B62-FC82-5A09DC6554C8}.Release|Any CPU.Build.0 = Release|Any CPU
		{8F3F97A5-CA61-BBCB-A577-11B40BBFECF8}.Debug|Any CPU.ActiveCfg = Debug|Any CPU
		{8F3F97A5-CA61-BBCB-A577-11B40BBFECF8}.Debug|Any CPU.Build.0 = Debug|Any CPU
		{8F3F97A5-CA61-BBCB-A577-11B40BBFECF8}.Release|Any CPU.ActiveCfg = Release|Any CPU
		{8F3F97A5-CA61-BBCB-A577-11B40BBFECF8}.Release|Any CPU.Build.0 = Release|Any CPU
		{06C1DC1E-2114-E92E-025B-ADAB7C994DBA}.Debug|Any CPU.ActiveCfg = Debug|Any CPU
		{06C1DC1E-2114-E92E-025B-ADAB7C994DBA}.Debug|Any CPU.Build.0 = Debug|Any CPU
		{06C1DC1E-2114-E92E-025B-ADAB7C994DBA}.Release|Any CPU.ActiveCfg = Release|Any CPU
		{06C1DC1E-2114-E92E-025B-ADAB7C994DBA}.Release|Any CPU.Build.0 = Release|Any CPU
		{304DB5C3-EF48-7C18-48A4-18267018E050}.Debug|Any CPU.ActiveCfg = Debug|Any CPU
		{304DB5C3-EF48-7C18-48A4-18267018E050}.Debug|Any CPU.Build.0 = Debug|Any CPU
		{304DB5C3-EF48-7C18-48A4-18267018E050}.Release|Any CPU.ActiveCfg = Release|Any CPU
		{304DB5C3-EF48-7C18-48A4-18267018E050}.Release|Any CPU.Build.0 = Release|Any CPU
		{0878CBFE-9CFF-C964-99F4-0EFB95C979AA}.Debug|Any CPU.ActiveCfg = Debug|Any CPU
		{0878CBFE-9CFF-C964-99F4-0EFB95C979AA}.Debug|Any CPU.Build.0 = Debug|Any CPU
		{0878CBFE-9CFF-C964-99F4-0EFB95C979AA}.Release|Any CPU.ActiveCfg = Release|Any CPU
		{0878CBFE-9CFF-C964-99F4-0EFB95C979AA}.Release|Any CPU.Build.0 = Release|Any CPU
		{A2FE618D-8DF0-B87E-99DB-F8AF1F8C0C33}.Debug|Any CPU.ActiveCfg = Debug|Any CPU
		{A2FE618D-8DF0-B87E-99DB-F8AF1F8C0C33}.Debug|Any CPU.Build.0 = Debug|Any CPU
		{A2FE618D-8DF0-B87E-99DB-F8AF1F8C0C33}.Release|Any CPU.ActiveCfg = Release|Any CPU
		{A2FE618D-8DF0-B87E-99DB-F8AF1F8C0C33}.Release|Any CPU.Build.0 = Release|Any CPU
		{C29D4A3C-85AB-26AC-188B-DA574AF37EC3}.Debug|Any CPU.ActiveCfg = Debug|Any CPU
		{C29D4A3C-85AB-26AC-188B-DA574AF37EC3}.Debug|Any CPU.Build.0 = Debug|Any CPU
		{C29D4A3C-85AB-26AC-188B-DA574AF37EC3}.Release|Any CPU.ActiveCfg = Release|Any CPU
		{C29D4A3C-85AB-26AC-188B-DA574AF37EC3}.Release|Any CPU.Build.0 = Release|Any CPU
		{53F9ACD9-39BF-D69C-0B1D-EA449B249483}.Debug|Any CPU.ActiveCfg = Debug|Any CPU
		{53F9ACD9-39BF-D69C-0B1D-EA449B249483}.Debug|Any CPU.Build.0 = Debug|Any CPU
		{53F9ACD9-39BF-D69C-0B1D-EA449B249483}.Release|Any CPU.ActiveCfg = Release|Any CPU
		{53F9ACD9-39BF-D69C-0B1D-EA449B249483}.Release|Any CPU.Build.0 = Release|Any CPU
		{F7E998ED-2F7F-82E2-CC43-2295B33570F1}.Debug|Any CPU.ActiveCfg = Debug|Any CPU
		{F7E998ED-2F7F-82E2-CC43-2295B33570F1}.Debug|Any CPU.Build.0 = Debug|Any CPU
		{F7E998ED-2F7F-82E2-CC43-2295B33570F1}.Release|Any CPU.ActiveCfg = Release|Any CPU
		{F7E998ED-2F7F-82E2-CC43-2295B33570F1}.Release|Any CPU.Build.0 = Release|Any CPU
		{398BD394-2E40-79B1-EF30-645FFD8C9711}.Debug|Any CPU.ActiveCfg = Debug|Any CPU
		{398BD394-2E40-79B1-EF30-645FFD8C9711}.Debug|Any CPU.Build.0 = Debug|Any CPU
		{398BD394-2E40-79B1-EF30-645FFD8C9711}.Release|Any CPU.ActiveCfg = Release|Any CPU
		{398BD394-2E40-79B1-EF30-645FFD8C9711}.Release|Any CPU.Build.0 = Release|Any CPU
		{75D02CD7-08FD-A59D-EAD0-9E58FB47038A}.Debug|Any CPU.ActiveCfg = Debug|Any CPU
		{75D02CD7-08FD-A59D-EAD0-9E58FB47038A}.Debug|Any CPU.Build.0 = Debug|Any CPU
		{75D02CD7-08FD-A59D-EAD0-9E58FB47038A}.Release|Any CPU.ActiveCfg = Release|Any CPU
		{75D02CD7-08FD-A59D-EAD0-9E58FB47038A}.Release|Any CPU.Build.0 = Release|Any CPU
		{1BBB3496-67CD-0B71-21D5-2564D9F96EBA}.Debug|Any CPU.ActiveCfg = Debug|Any CPU
		{1BBB3496-67CD-0B71-21D5-2564D9F96EBA}.Debug|Any CPU.Build.0 = Debug|Any CPU
		{1BBB3496-67CD-0B71-21D5-2564D9F96EBA}.Release|Any CPU.ActiveCfg = Release|Any CPU
		{1BBB3496-67CD-0B71-21D5-2564D9F96EBA}.Release|Any CPU.Build.0 = Release|Any CPU
		{BA1DE62F-9B0D-9831-0EC6-FF7BFA12BCEB}.Debug|Any CPU.ActiveCfg = Debug|Any CPU
		{BA1DE62F-9B0D-9831-0EC6-FF7BFA12BCEB}.Debug|Any CPU.Build.0 = Debug|Any CPU
		{BA1DE62F-9B0D-9831-0EC6-FF7BFA12BCEB}.Release|Any CPU.ActiveCfg = Release|Any CPU
		{BA1DE62F-9B0D-9831-0EC6-FF7BFA12BCEB}.Release|Any CPU.Build.0 = Release|Any CPU
		{D46A7971-DAB1-AC49-E12D-9FBB5F68683E}.Debug|Any CPU.ActiveCfg = Debug|Any CPU
		{D46A7971-DAB1-AC49-E12D-9FBB5F68683E}.Debug|Any CPU.Build.0 = Debug|Any CPU
		{D46A7971-DAB1-AC49-E12D-9FBB5F68683E}.Release|Any CPU.ActiveCfg = Release|Any CPU
		{D46A7971-DAB1-AC49-E12D-9FBB5F68683E}.Release|Any CPU.Build.0 = Release|Any CPU
		{CB9DD26D-C208-9051-5638-A4E2FE294B7C}.Debug|Any CPU.ActiveCfg = Debug|Any CPU
		{CB9DD26D-C208-9051-5638-A4E2FE294B7C}.Debug|Any CPU.Build.0 = Debug|Any CPU
		{CB9DD26D-C208-9051-5638-A4E2FE294B7C}.Release|Any CPU.ActiveCfg = Release|Any CPU
		{CB9DD26D-C208-9051-5638-A4E2FE294B7C}.Release|Any CPU.Build.0 = Release|Any CPU
		{77FE92B7-95F5-1295-2037-A5455A41C87E}.Debug|Any CPU.ActiveCfg = Debug|Any CPU
		{77FE92B7-95F5-1295-2037-A5455A41C87E}.Debug|Any CPU.Build.0 = Debug|Any CPU
		{77FE92B7-95F5-1295-2037-A5455A41C87E}.Release|Any CPU.ActiveCfg = Release|Any CPU
		{77FE92B7-95F5-1295-2037-A5455A41C87E}.Release|Any CPU.Build.0 = Release|Any CPU
		{C110914B-E898-4845-8184-50DA8CFEC291}.Debug|Any CPU.ActiveCfg = Debug|Any CPU
		{C110914B-E898-4845-8184-50DA8CFEC291}.Debug|Any CPU.Build.0 = Debug|Any CPU
		{C110914B-E898-4845-8184-50DA8CFEC291}.Release|Any CPU.ActiveCfg = Release|Any CPU
		{C110914B-E898-4845-8184-50DA8CFEC291}.Release|Any CPU.Build.0 = Release|Any CPU
		{F1D39AE0-C565-B8C6-FAEA-B34F89C58B88}.Debug|Any CPU.ActiveCfg = Debug|Any CPU
		{F1D39AE0-C565-B8C6-FAEA-B34F89C58B88}.Debug|Any CPU.Build.0 = Debug|Any CPU
		{F1D39AE0-C565-B8C6-FAEA-B34F89C58B88}.Release|Any CPU.ActiveCfg = Release|Any CPU
		{F1D39AE0-C565-B8C6-FAEA-B34F89C58B88}.Release|Any CPU.Build.0 = Release|Any CPU
		{64A3B1B8-1996-E915-95DC-795C69DCF5DB}.Debug|Any CPU.ActiveCfg = Debug|Any CPU
		{64A3B1B8-1996-E915-95DC-795C69DCF5DB}.Debug|Any CPU.Build.0 = Debug|Any CPU
		{64A3B1B8-1996-E915-95DC-795C69DCF5DB}.Release|Any CPU.ActiveCfg = Release|Any CPU
		{64A3B1B8-1996-E915-95DC-795C69DCF5DB}.Release|Any CPU.Build.0 = Release|Any CPU
		{33F7453B-00F4-6E52-DE6D-FF14BFFE07FD}.Debug|Any CPU.ActiveCfg = Debug|Any CPU
		{33F7453B-00F4-6E52-DE6D-FF14BFFE07FD}.Debug|Any CPU.Build.0 = Debug|Any CPU
		{33F7453B-00F4-6E52-DE6D-FF14BFFE07FD}.Release|Any CPU.ActiveCfg = Release|Any CPU
		{33F7453B-00F4-6E52-DE6D-FF14BFFE07FD}.Release|Any CPU.Build.0 = Release|Any CPU
		{337E2DCA-0DC1-1D36-07E4-91F2B4511A98}.Debug|Any CPU.ActiveCfg = Debug|Any CPU
		{337E2DCA-0DC1-1D36-07E4-91F2B4511A98}.Debug|Any CPU.Build.0 = Debug|Any CPU
		{337E2DCA-0DC1-1D36-07E4-91F2B4511A98}.Release|Any CPU.ActiveCfg = Release|Any CPU
		{337E2DCA-0DC1-1D36-07E4-91F2B4511A98}.Release|Any CPU.Build.0 = Release|Any CPU
		{FBF4BC7E-27AF-7C49-89C6-BB5A23B2CA65}.Debug|Any CPU.ActiveCfg = Debug|Any CPU
		{FBF4BC7E-27AF-7C49-89C6-BB5A23B2CA65}.Debug|Any CPU.Build.0 = Debug|Any CPU
		{FBF4BC7E-27AF-7C49-89C6-BB5A23B2CA65}.Release|Any CPU.ActiveCfg = Release|Any CPU
		{FBF4BC7E-27AF-7C49-89C6-BB5A23B2CA65}.Release|Any CPU.Build.0 = Release|Any CPU
		{3F5B599B-1C8F-8B4D-439F-52EA0B47C07E}.Debug|Any CPU.ActiveCfg = Debug|Any CPU
		{3F5B599B-1C8F-8B4D-439F-52EA0B47C07E}.Debug|Any CPU.Build.0 = Debug|Any CPU
		{3F5B599B-1C8F-8B4D-439F-52EA0B47C07E}.Release|Any CPU.ActiveCfg = Release|Any CPU
		{3F5B599B-1C8F-8B4D-439F-52EA0B47C07E}.Release|Any CPU.Build.0 = Release|Any CPU
		{E2AF914F-6EC8-2968-FC29-7BC928065930}.Debug|Any CPU.ActiveCfg = Debug|Any CPU
		{E2AF914F-6EC8-2968-FC29-7BC928065930}.Debug|Any CPU.Build.0 = Debug|Any CPU
		{E2AF914F-6EC8-2968-FC29-7BC928065930}.Release|Any CPU.ActiveCfg = Release|Any CPU
		{E2AF914F-6EC8-2968-FC29-7BC928065930}.Release|Any CPU.Build.0 = Release|Any CPU
	EndGlobalSection
	GlobalSection(SolutionProperties) = preSolution
		HideSolutionNode = FALSE
	EndGlobalSection
EndGlobal
